// !$*UTF8*$!
{
	archiveVersion = 1;
	classes = {
	};
	objectVersion = 51;
	objects = {

/* Begin PBXBuildFile section */
		9184F47F26ECFC1F00F9A5FE /* RecipeListModuleInterface.swift in Sources */ = {isa = PBXBuildFile; fileRef = 9184F46C26ECFC1F00F9A5FE /* RecipeListModuleInterface.swift */; };
		9184F48026ECFC1F00F9A5FE /* RecipeListServiceType.swift in Sources */ = {isa = PBXBuildFile; fileRef = 9184F46F26ECFC1F00F9A5FE /* RecipeListServiceType.swift */; };
		9184F48126ECFC1F00F9A5FE /* RecipeListService.swift in Sources */ = {isa = PBXBuildFile; fileRef = 9184F47026ECFC1F00F9A5FE /* RecipeListService.swift */; };
		9184F48226ECFC1F00F9A5FE /* RecipeListInteractorIO.swift in Sources */ = {isa = PBXBuildFile; fileRef = 9184F47226ECFC1F00F9A5FE /* RecipeListInteractorIO.swift */; };
		9184F48326ECFC1F00F9A5FE /* RecipeListInteractor.swift in Sources */ = {isa = PBXBuildFile; fileRef = 9184F47326ECFC1F00F9A5FE /* RecipeListInteractor.swift */; };
		9184F48426ECFC1F00F9A5FE /* RecipeListPresenter.swift in Sources */ = {isa = PBXBuildFile; fileRef = 9184F47626ECFC1F00F9A5FE /* RecipeListPresenter.swift */; };
		9184F48526ECFC1F00F9A5FE /* RecipeListWireframe.swift in Sources */ = {isa = PBXBuildFile; fileRef = 9184F47826ECFC1F00F9A5FE /* RecipeListWireframe.swift */; };
		9184F48626ECFC1F00F9A5FE /* RecipeListWireframeInput.swift in Sources */ = {isa = PBXBuildFile; fileRef = 9184F47926ECFC1F00F9A5FE /* RecipeListWireframeInput.swift */; };
		9184F48726ECFC1F00F9A5FE /* RecipeListViewController.swift in Sources */ = {isa = PBXBuildFile; fileRef = 9184F47C26ECFC1F00F9A5FE /* RecipeListViewController.swift */; };
		9184F48826ECFC1F00F9A5FE /* RecipeListViewInterface.swift in Sources */ = {isa = PBXBuildFile; fileRef = 9184F47D26ECFC1F00F9A5FE /* RecipeListViewInterface.swift */; };
		9184F48926ECFC1F00F9A5FE /* RecipeList.storyboard in Resources */ = {isa = PBXBuildFile; fileRef = 9184F47E26ECFC1F00F9A5FE /* RecipeList.storyboard */; };
		9184F48E26ECFC8A00F9A5FE /* WireframeInput.swift in Sources */ = {isa = PBXBuildFile; fileRef = 9184F48D26ECFC8A00F9A5FE /* WireframeInput.swift */; };
		91E9535826EC83FB002E34DB /* AppDelegate.swift in Sources */ = {isa = PBXBuildFile; fileRef = 91E9535726EC83FB002E34DB /* AppDelegate.swift */; };
		91E9536126EC83FC002E34DB /* Assets.xcassets in Resources */ = {isa = PBXBuildFile; fileRef = 91E9536026EC83FC002E34DB /* Assets.xcassets */; };
		91E9536426EC83FC002E34DB /* LaunchScreen.storyboard in Resources */ = {isa = PBXBuildFile; fileRef = 91E9536226EC83FC002E34DB /* LaunchScreen.storyboard */; };
		CFB950E29CA213273AA098DB /* Pods_Recipe.framework in Frameworks */ = {isa = PBXBuildFile; fileRef = 66830E90043E7CE6BB853C57 /* Pods_Recipe.framework */; };
/* End PBXBuildFile section */

/* Begin PBXFileReference section */
		66830E90043E7CE6BB853C57 /* Pods_Recipe.framework */ = {isa = PBXFileReference; explicitFileType = wrapper.framework; includeInIndex = 0; path = Pods_Recipe.framework; sourceTree = BUILT_PRODUCTS_DIR; };
		9184F46C26ECFC1F00F9A5FE /* RecipeListModuleInterface.swift */ = {isa = PBXFileReference; fileEncoding = 4; lastKnownFileType = sourcecode.swift; path = RecipeListModuleInterface.swift; sourceTree = "<group>"; };
		9184F46F26ECFC1F00F9A5FE /* RecipeListServiceType.swift */ = {isa = PBXFileReference; fileEncoding = 4; lastKnownFileType = sourcecode.swift; path = RecipeListServiceType.swift; sourceTree = "<group>"; };
		9184F47026ECFC1F00F9A5FE /* RecipeListService.swift */ = {isa = PBXFileReference; fileEncoding = 4; lastKnownFileType = sourcecode.swift; path = RecipeListService.swift; sourceTree = "<group>"; };
		9184F47226ECFC1F00F9A5FE /* RecipeListInteractorIO.swift */ = {isa = PBXFileReference; fileEncoding = 4; lastKnownFileType = sourcecode.swift; path = RecipeListInteractorIO.swift; sourceTree = "<group>"; };
		9184F47326ECFC1F00F9A5FE /* RecipeListInteractor.swift */ = {isa = PBXFileReference; fileEncoding = 4; lastKnownFileType = sourcecode.swift; path = RecipeListInteractor.swift; sourceTree = "<group>"; };
		9184F47626ECFC1F00F9A5FE /* RecipeListPresenter.swift */ = {isa = PBXFileReference; fileEncoding = 4; lastKnownFileType = sourcecode.swift; path = RecipeListPresenter.swift; sourceTree = "<group>"; };
		9184F47826ECFC1F00F9A5FE /* RecipeListWireframe.swift */ = {isa = PBXFileReference; fileEncoding = 4; lastKnownFileType = sourcecode.swift; path = RecipeListWireframe.swift; sourceTree = "<group>"; };
		9184F47926ECFC1F00F9A5FE /* RecipeListWireframeInput.swift */ = {isa = PBXFileReference; fileEncoding = 4; lastKnownFileType = sourcecode.swift; path = RecipeListWireframeInput.swift; sourceTree = "<group>"; };
		9184F47C26ECFC1F00F9A5FE /* RecipeListViewController.swift */ = {isa = PBXFileReference; fileEncoding = 4; lastKnownFileType = sourcecode.swift; path = RecipeListViewController.swift; sourceTree = "<group>"; };
		9184F47D26ECFC1F00F9A5FE /* RecipeListViewInterface.swift */ = {isa = PBXFileReference; fileEncoding = 4; lastKnownFileType = sourcecode.swift; path = RecipeListViewInterface.swift; sourceTree = "<group>"; };
		9184F47E26ECFC1F00F9A5FE /* RecipeList.storyboard */ = {isa = PBXFileReference; fileEncoding = 4; lastKnownFileType = file.storyboard; path = RecipeList.storyboard; sourceTree = "<group>"; };
		9184F48D26ECFC8A00F9A5FE /* WireframeInput.swift */ = {isa = PBXFileReference; lastKnownFileType = sourcecode.swift; path = WireframeInput.swift; sourceTree = "<group>"; };
		91E9535426EC83FB002E34DB /* Recipe.app */ = {isa = PBXFileReference; explicitFileType = wrapper.application; includeInIndex = 0; path = Recipe.app; sourceTree = BUILT_PRODUCTS_DIR; };
		91E9535726EC83FB002E34DB /* AppDelegate.swift */ = {isa = PBXFileReference; lastKnownFileType = sourcecode.swift; path = AppDelegate.swift; sourceTree = "<group>"; };
		91E9536026EC83FC002E34DB /* Assets.xcassets */ = {isa = PBXFileReference; lastKnownFileType = folder.assetcatalog; path = Assets.xcassets; sourceTree = "<group>"; };
		91E9536326EC83FC002E34DB /* Base */ = {isa = PBXFileReference; lastKnownFileType = file.storyboard; name = Base; path = Base.lproj/LaunchScreen.storyboard; sourceTree = "<group>"; };
		91E9536526EC83FC002E34DB /* Info.plist */ = {isa = PBXFileReference; lastKnownFileType = text.plist.xml; path = Info.plist; sourceTree = "<group>"; };
		AD80E81D89D0581455786DAA /* Pods-Recipe.debug.xcconfig */ = {isa = PBXFileReference; includeInIndex = 1; lastKnownFileType = text.xcconfig; name = "Pods-Recipe.debug.xcconfig"; path = "Target Support Files/Pods-Recipe/Pods-Recipe.debug.xcconfig"; sourceTree = "<group>"; };
		F61193C475634F1713CC58C7 /* Pods-Recipe.release.xcconfig */ = {isa = PBXFileReference; includeInIndex = 1; lastKnownFileType = text.xcconfig; name = "Pods-Recipe.release.xcconfig"; path = "Target Support Files/Pods-Recipe/Pods-Recipe.release.xcconfig"; sourceTree = "<group>"; };
/* End PBXFileReference section */

/* Begin PBXFrameworksBuildPhase section */
		91E9535126EC83FB002E34DB /* Frameworks */ = {
			isa = PBXFrameworksBuildPhase;
			buildActionMask = 2147483647;
			files = (
				CFB950E29CA213273AA098DB /* Pods_Recipe.framework in Frameworks */,
			);
			runOnlyForDeploymentPostprocessing = 0;
		};
/* End PBXFrameworksBuildPhase section */

/* Begin PBXGroup section */
		2B886C9BDD629AF22991D0A6 /* Frameworks */ = {
			isa = PBXGroup;
			children = (
				66830E90043E7CE6BB853C57 /* Pods_Recipe.framework */,
			);
			name = Frameworks;
			sourceTree = "<group>";
		};
		9184F46026ECFBF700F9A5FE /* Modules */ = {
			isa = PBXGroup;
			children = (
				9184F46126ECFC0B00F9A5FE /* Recipe List */,
			);
			path = Modules;
			sourceTree = "<group>";
		};
		9184F46126ECFC0B00F9A5FE /* Recipe List */ = {
			isa = PBXGroup;
			children = (
				9184F46B26ECFC1F00F9A5FE /* Module Interface */,
				9184F46D26ECFC1F00F9A5FE /* Application Logic */,
				9184F47426ECFC1F00F9A5FE /* User Interface */,
			);
			path = "Recipe List";
			sourceTree = "<group>";
		};
		9184F46B26ECFC1F00F9A5FE /* Module Interface */ = {
			isa = PBXGroup;
			children = (
				9184F46C26ECFC1F00F9A5FE /* RecipeListModuleInterface.swift */,
			);
			path = "Module Interface";
			sourceTree = "<group>";
		};
		9184F46D26ECFC1F00F9A5FE /* Application Logic */ = {
			isa = PBXGroup;
			children = (
				9184F46E26ECFC1F00F9A5FE /* Service */,
				9184F47126ECFC1F00F9A5FE /* Interactor */,
			);
			path = "Application Logic";
			sourceTree = "<group>";
		};
		9184F46E26ECFC1F00F9A5FE /* Service */ = {
			isa = PBXGroup;
			children = (
				9184F46F26ECFC1F00F9A5FE /* RecipeListServiceType.swift */,
				9184F47026ECFC1F00F9A5FE /* RecipeListService.swift */,
			);
			path = Service;
			sourceTree = "<group>";
		};
		9184F47126ECFC1F00F9A5FE /* Interactor */ = {
			isa = PBXGroup;
			children = (
				9184F47226ECFC1F00F9A5FE /* RecipeListInteractorIO.swift */,
				9184F47326ECFC1F00F9A5FE /* RecipeListInteractor.swift */,
			);
			path = Interactor;
			sourceTree = "<group>";
		};
		9184F47426ECFC1F00F9A5FE /* User Interface */ = {
			isa = PBXGroup;
			children = (
				9184F47526ECFC1F00F9A5FE /* Presenter */,
				9184F47726ECFC1F00F9A5FE /* Wireframe */,
				9184F47A26ECFC1F00F9A5FE /* View */,
			);
			path = "User Interface";
			sourceTree = "<group>";
		};
		9184F47526ECFC1F00F9A5FE /* Presenter */ = {
			isa = PBXGroup;
			children = (
				9184F47626ECFC1F00F9A5FE /* RecipeListPresenter.swift */,
			);
			path = Presenter;
			sourceTree = "<group>";
		};
		9184F47726ECFC1F00F9A5FE /* Wireframe */ = {
			isa = PBXGroup;
			children = (
				9184F47826ECFC1F00F9A5FE /* RecipeListWireframe.swift */,
				9184F47926ECFC1F00F9A5FE /* RecipeListWireframeInput.swift */,
			);
			path = Wireframe;
			sourceTree = "<group>";
		};
		9184F47A26ECFC1F00F9A5FE /* View */ = {
			isa = PBXGroup;
			children = (
				9184F47B26ECFC1F00F9A5FE /* ViewModels */,
				9184F47C26ECFC1F00F9A5FE /* RecipeListViewController.swift */,
				9184F47D26ECFC1F00F9A5FE /* RecipeListViewInterface.swift */,
				9184F47E26ECFC1F00F9A5FE /* RecipeList.storyboard */,
			);
			path = View;
			sourceTree = "<group>";
		};
		9184F47B26ECFC1F00F9A5FE /* ViewModels */ = {
			isa = PBXGroup;
			children = (
			);
			path = ViewModels;
			sourceTree = "<group>";
		};
		9184F48C26ECFC7800F9A5FE /* Resources */ = {
			isa = PBXGroup;
			children = (
				9184F48D26ECFC8A00F9A5FE /* WireframeInput.swift */,
			);
			path = Resources;
			sourceTree = "<group>";
		};
		91E9534B26EC83FB002E34DB = {
			isa = PBXGroup;
			children = (
				91E9535626EC83FB002E34DB /* Recipe */,
				91E9535526EC83FB002E34DB /* Products */,
				9E34DF45353C52E2EA1018AD /* Pods */,
				2B886C9BDD629AF22991D0A6 /* Frameworks */,
			);
			sourceTree = "<group>";
		};
		91E9535526EC83FB002E34DB /* Products */ = {
			isa = PBXGroup;
			children = (
				91E9535426EC83FB002E34DB /* Recipe.app */,
			);
			name = Products;
			sourceTree = "<group>";
		};
		91E9535626EC83FB002E34DB /* Recipe */ = {
			isa = PBXGroup;
			children = (
				9184F48C26ECFC7800F9A5FE /* Resources */,
				9184F46026ECFBF700F9A5FE /* Modules */,
				91E9535726EC83FB002E34DB /* AppDelegate.swift */,
				91E9536026EC83FC002E34DB /* Assets.xcassets */,
				91E9536226EC83FC002E34DB /* LaunchScreen.storyboard */,
				91E9536526EC83FC002E34DB /* Info.plist */,
			);
			path = Recipe;
			sourceTree = "<group>";
		};
		9E34DF45353C52E2EA1018AD /* Pods */ = {
			isa = PBXGroup;
			children = (
				AD80E81D89D0581455786DAA /* Pods-Recipe.debug.xcconfig */,
				F61193C475634F1713CC58C7 /* Pods-Recipe.release.xcconfig */,
			);
			path = Pods;
			sourceTree = "<group>";
		};
/* End PBXGroup section */

/* Begin PBXNativeTarget section */
		91E9535326EC83FB002E34DB /* Recipe */ = {
			isa = PBXNativeTarget;
			buildConfigurationList = 91E9536826EC83FC002E34DB /* Build configuration list for PBXNativeTarget "Recipe" */;
			buildPhases = (
				5681E44638B18DB9D7E01D1A /* [CP] Check Pods Manifest.lock */,
				91E9535026EC83FB002E34DB /* Sources */,
				91E9535126EC83FB002E34DB /* Frameworks */,
				91E9535226EC83FB002E34DB /* Resources */,
				D322753D57AE83F9806F19DD /* [CP] Embed Pods Frameworks */,
			);
			buildRules = (
			);
			dependencies = (
			);
			name = Recipe;
			productName = Recipe;
			productReference = 91E9535426EC83FB002E34DB /* Recipe.app */;
			productType = "com.apple.product-type.application";
		};
/* End PBXNativeTarget section */

/* Begin PBXProject section */
		91E9534C26EC83FB002E34DB /* Project object */ = {
			isa = PBXProject;
			attributes = {
				LastSwiftUpdateCheck = 1200;
				LastUpgradeCheck = 1200;
				TargetAttributes = {
					91E9535326EC83FB002E34DB = {
						CreatedOnToolsVersion = 12.0.1;
					};
				};
			};
			buildConfigurationList = 91E9534F26EC83FB002E34DB /* Build configuration list for PBXProject "Recipe" */;
			compatibilityVersion = "Xcode 9.3";
			developmentRegion = en;
			hasScannedForEncodings = 0;
			knownRegions = (
				en,
				Base,
			);
			mainGroup = 91E9534B26EC83FB002E34DB;
			productRefGroup = 91E9535526EC83FB002E34DB /* Products */;
			projectDirPath = "";
			projectRoot = "";
			targets = (
				91E9535326EC83FB002E34DB /* Recipe */,
			);
		};
/* End PBXProject section */

/* Begin PBXResourcesBuildPhase section */
		91E9535226EC83FB002E34DB /* Resources */ = {
			isa = PBXResourcesBuildPhase;
			buildActionMask = 2147483647;
			files = (
				9184F48926ECFC1F00F9A5FE /* RecipeList.storyboard in Resources */,
				91E9536426EC83FC002E34DB /* LaunchScreen.storyboard in Resources */,
				91E9536126EC83FC002E34DB /* Assets.xcassets in Resources */,
			);
			runOnlyForDeploymentPostprocessing = 0;
		};
/* End PBXResourcesBuildPhase section */

/* Begin PBXShellScriptBuildPhase section */
		5681E44638B18DB9D7E01D1A /* [CP] Check Pods Manifest.lock */ = {
			isa = PBXShellScriptBuildPhase;
			buildActionMask = 2147483647;
			files = (
			);
			inputFileListPaths = (
			);
			inputPaths = (
				"${PODS_PODFILE_DIR_PATH}/Podfile.lock",
				"${PODS_ROOT}/Manifest.lock",
			);
			name = "[CP] Check Pods Manifest.lock";
			outputFileListPaths = (
			);
			outputPaths = (
				"$(DERIVED_FILE_DIR)/Pods-Recipe-checkManifestLockResult.txt",
			);
			runOnlyForDeploymentPostprocessing = 0;
			shellPath = /bin/sh;
			shellScript = "diff \"${PODS_PODFILE_DIR_PATH}/Podfile.lock\" \"${PODS_ROOT}/Manifest.lock\" > /dev/null\nif [ $? != 0 ] ; then\n    # print error to STDERR\n    echo \"error: The sandbox is not in sync with the Podfile.lock. Run 'pod install' or update your CocoaPods installation.\" >&2\n    exit 1\nfi\n# This output is used by Xcode 'outputs' to avoid re-running this script phase.\necho \"SUCCESS\" > \"${SCRIPT_OUTPUT_FILE_0}\"\n";
			showEnvVarsInLog = 0;
		};
		D322753D57AE83F9806F19DD /* [CP] Embed Pods Frameworks */ = {
			isa = PBXShellScriptBuildPhase;
			buildActionMask = 2147483647;
			files = (
			);
			inputFileListPaths = (
				"${PODS_ROOT}/Target Support Files/Pods-Recipe/Pods-Recipe-frameworks-${CONFIGURATION}-input-files.xcfilelist",
			);
			name = "[CP] Embed Pods Frameworks";
			outputFileListPaths = (
				"${PODS_ROOT}/Target Support Files/Pods-Recipe/Pods-Recipe-frameworks-${CONFIGURATION}-output-files.xcfilelist",
			);
			runOnlyForDeploymentPostprocessing = 0;
			shellPath = /bin/sh;
			shellScript = "\"${PODS_ROOT}/Target Support Files/Pods-Recipe/Pods-Recipe-frameworks.sh\"\n";
			showEnvVarsInLog = 0;
		};
/* End PBXShellScriptBuildPhase section */

/* Begin PBXSourcesBuildPhase section */
		91E9535026EC83FB002E34DB /* Sources */ = {
			isa = PBXSourcesBuildPhase;
			buildActionMask = 2147483647;
			files = (
				9184F48426ECFC1F00F9A5FE /* RecipeListPresenter.swift in Sources */,
				9184F48326ECFC1F00F9A5FE /* RecipeListInteractor.swift in Sources */,
				9184F48726ECFC1F00F9A5FE /* RecipeListViewController.swift in Sources */,
				9184F48E26ECFC8A00F9A5FE /* WireframeInput.swift in Sources */,
				9184F48226ECFC1F00F9A5FE /* RecipeListInteractorIO.swift in Sources */,
				9184F48826ECFC1F00F9A5FE /* RecipeListViewInterface.swift in Sources */,
				9184F47F26ECFC1F00F9A5FE /* RecipeListModuleInterface.swift in Sources */,
				9184F48526ECFC1F00F9A5FE /* RecipeListWireframe.swift in Sources */,
				9184F48126ECFC1F00F9A5FE /* RecipeListService.swift in Sources */,
				9184F48026ECFC1F00F9A5FE /* RecipeListServiceType.swift in Sources */,
				91E9535826EC83FB002E34DB /* AppDelegate.swift in Sources */,
				9184F48626ECFC1F00F9A5FE /* RecipeListWireframeInput.swift in Sources */,
			);
			runOnlyForDeploymentPostprocessing = 0;
		};
/* End PBXSourcesBuildPhase section */

/* Begin PBXVariantGroup section */
		91E9536226EC83FC002E34DB /* LaunchScreen.storyboard */ = {
			isa = PBXVariantGroup;
			children = (
				91E9536326EC83FC002E34DB /* Base */,
			);
			name = LaunchScreen.storyboard;
			sourceTree = "<group>";
		};
/* End PBXVariantGroup section */

/* Begin XCBuildConfiguration section */
		91E9536626EC83FC002E34DB /* Debug */ = {
			isa = XCBuildConfiguration;
			buildSettings = {
				ALWAYS_SEARCH_USER_PATHS = NO;
				CLANG_ANALYZER_NONNULL = YES;
				CLANG_ANALYZER_NUMBER_OBJECT_CONVERSION = YES_AGGRESSIVE;
				CLANG_CXX_LANGUAGE_STANDARD = "gnu++14";
				CLANG_CXX_LIBRARY = "libc++";
				CLANG_ENABLE_MODULES = YES;
				CLANG_ENABLE_OBJC_ARC = YES;
				CLANG_ENABLE_OBJC_WEAK = YES;
				CLANG_WARN_BLOCK_CAPTURE_AUTORELEASING = YES;
				CLANG_WARN_BOOL_CONVERSION = YES;
				CLANG_WARN_COMMA = YES;
				CLANG_WARN_CONSTANT_CONVERSION = YES;
				CLANG_WARN_DEPRECATED_OBJC_IMPLEMENTATIONS = YES;
				CLANG_WARN_DIRECT_OBJC_ISA_USAGE = YES_ERROR;
				CLANG_WARN_DOCUMENTATION_COMMENTS = YES;
				CLANG_WARN_EMPTY_BODY = YES;
				CLANG_WARN_ENUM_CONVERSION = YES;
				CLANG_WARN_INFINITE_RECURSION = YES;
				CLANG_WARN_INT_CONVERSION = YES;
				CLANG_WARN_NON_LITERAL_NULL_CONVERSION = YES;
				CLANG_WARN_OBJC_IMPLICIT_RETAIN_SELF = YES;
				CLANG_WARN_OBJC_LITERAL_CONVERSION = YES;
				CLANG_WARN_OBJC_ROOT_CLASS = YES_ERROR;
				CLANG_WARN_QUOTED_INCLUDE_IN_FRAMEWORK_HEADER = YES;
				CLANG_WARN_RANGE_LOOP_ANALYSIS = YES;
				CLANG_WARN_STRICT_PROTOTYPES = YES;
				CLANG_WARN_SUSPICIOUS_MOVE = YES;
				CLANG_WARN_UNGUARDED_AVAILABILITY = YES_AGGRESSIVE;
				CLANG_WARN_UNREACHABLE_CODE = YES;
				CLANG_WARN__DUPLICATE_METHOD_MATCH = YES;
				COPY_PHASE_STRIP = NO;
				DEBUG_INFORMATION_FORMAT = dwarf;
				ENABLE_STRICT_OBJC_MSGSEND = YES;
				ENABLE_TESTABILITY = YES;
				GCC_C_LANGUAGE_STANDARD = gnu11;
				GCC_DYNAMIC_NO_PIC = NO;
				GCC_NO_COMMON_BLOCKS = YES;
				GCC_OPTIMIZATION_LEVEL = 0;
				GCC_PREPROCESSOR_DEFINITIONS = (
					"DEBUG=1",
					"$(inherited)",
				);
				GCC_WARN_64_TO_32_BIT_CONVERSION = YES;
				GCC_WARN_ABOUT_RETURN_TYPE = YES_ERROR;
				GCC_WARN_UNDECLARED_SELECTOR = YES;
				GCC_WARN_UNINITIALIZED_AUTOS = YES_AGGRESSIVE;
				GCC_WARN_UNUSED_FUNCTION = YES;
				GCC_WARN_UNUSED_VARIABLE = YES;
				IPHONEOS_DEPLOYMENT_TARGET = 14.0;
				MTL_ENABLE_DEBUG_INFO = INCLUDE_SOURCE;
				MTL_FAST_MATH = YES;
				ONLY_ACTIVE_ARCH = YES;
				SDKROOT = iphoneos;
				SWIFT_ACTIVE_COMPILATION_CONDITIONS = DEBUG;
				SWIFT_OPTIMIZATION_LEVEL = "-Onone";
			};
			name = Debug;
		};
		91E9536726EC83FC002E34DB /* Release */ = {
			isa = XCBuildConfiguration;
			buildSettings = {
				ALWAYS_SEARCH_USER_PATHS = NO;
				CLANG_ANALYZER_NONNULL = YES;
				CLANG_ANALYZER_NUMBER_OBJECT_CONVERSION = YES_AGGRESSIVE;
				CLANG_CXX_LANGUAGE_STANDARD = "gnu++14";
				CLANG_CXX_LIBRARY = "libc++";
				CLANG_ENABLE_MODULES = YES;
				CLANG_ENABLE_OBJC_ARC = YES;
				CLANG_ENABLE_OBJC_WEAK = YES;
				CLANG_WARN_BLOCK_CAPTURE_AUTORELEASING = YES;
				CLANG_WARN_BOOL_CONVERSION = YES;
				CLANG_WARN_COMMA = YES;
				CLANG_WARN_CONSTANT_CONVERSION = YES;
				CLANG_WARN_DEPRECATED_OBJC_IMPLEMENTATIONS = YES;
				CLANG_WARN_DIRECT_OBJC_ISA_USAGE = YES_ERROR;
				CLANG_WARN_DOCUMENTATION_COMMENTS = YES;
				CLANG_WARN_EMPTY_BODY = YES;
				CLANG_WARN_ENUM_CONVERSION = YES;
				CLANG_WARN_INFINITE_RECURSION = YES;
				CLANG_WARN_INT_CONVERSION = YES;
				CLANG_WARN_NON_LITERAL_NULL_CONVERSION = YES;
				CLANG_WARN_OBJC_IMPLICIT_RETAIN_SELF = YES;
				CLANG_WARN_OBJC_LITERAL_CONVERSION = YES;
				CLANG_WARN_OBJC_ROOT_CLASS = YES_ERROR;
				CLANG_WARN_QUOTED_INCLUDE_IN_FRAMEWORK_HEADER = YES;
				CLANG_WARN_RANGE_LOOP_ANALYSIS = YES;
				CLANG_WARN_STRICT_PROTOTYPES = YES;
				CLANG_WARN_SUSPICIOUS_MOVE = YES;
				CLANG_WARN_UNGUARDED_AVAILABILITY = YES_AGGRESSIVE;
				CLANG_WARN_UNREACHABLE_CODE = YES;
				CLANG_WARN__DUPLICATE_METHOD_MATCH = YES;
				COPY_PHASE_STRIP = NO;
				DEBUG_INFORMATION_FORMAT = "dwarf-with-dsym";
				ENABLE_NS_ASSERTIONS = NO;
				ENABLE_STRICT_OBJC_MSGSEND = YES;
				GCC_C_LANGUAGE_STANDARD = gnu11;
				GCC_NO_COMMON_BLOCKS = YES;
				GCC_WARN_64_TO_32_BIT_CONVERSION = YES;
				GCC_WARN_ABOUT_RETURN_TYPE = YES_ERROR;
				GCC_WARN_UNDECLARED_SELECTOR = YES;
				GCC_WARN_UNINITIALIZED_AUTOS = YES_AGGRESSIVE;
				GCC_WARN_UNUSED_FUNCTION = YES;
				GCC_WARN_UNUSED_VARIABLE = YES;
				IPHONEOS_DEPLOYMENT_TARGET = 14.0;
				MTL_ENABLE_DEBUG_INFO = NO;
				MTL_FAST_MATH = YES;
				SDKROOT = iphoneos;
				SWIFT_COMPILATION_MODE = wholemodule;
				SWIFT_OPTIMIZATION_LEVEL = "-O";
				VALIDATE_PRODUCT = YES;
			};
			name = Release;
		};
		91E9536926EC83FC002E34DB /* Debug */ = {
			isa = XCBuildConfiguration;
			baseConfigurationReference = AD80E81D89D0581455786DAA /* Pods-Recipe.debug.xcconfig */;
			buildSettings = {
				ASSETCATALOG_COMPILER_APPICON_NAME = AppIcon;
				ASSETCATALOG_COMPILER_GLOBAL_ACCENT_COLOR_NAME = AccentColor;
				CODE_SIGN_STYLE = Automatic;
				DEVELOPMENT_TEAM = T86ZM663US;
				INFOPLIST_FILE = Recipe/Info.plist;
				LD_RUNPATH_SEARCH_PATHS = (
					"$(inherited)",
					"@executable_path/Frameworks",
				);
				PRODUCT_BUNDLE_IDENTIFIER = com.dev.Recipe;
				PRODUCT_NAME = "$(TARGET_NAME)";
				SWIFT_VERSION = 5.0;
				TARGETED_DEVICE_FAMILY = "1,2";
			};
			name = Debug;
		};
		91E9536A26EC83FC002E34DB /* Release */ = {
			isa = XCBuildConfiguration;
			baseConfigurationReference = F61193C475634F1713CC58C7 /* Pods-Recipe.release.xcconfig */;
			buildSettings = {
				ASSETCATALOG_COMPILER_APPICON_NAME = AppIcon;
				ASSETCATALOG_COMPILER_GLOBAL_ACCENT_COLOR_NAME = AccentColor;
				CODE_SIGN_STYLE = Automatic;
				DEVELOPMENT_TEAM = T86ZM663US;
				INFOPLIST_FILE = Recipe/Info.plist;
				LD_RUNPATH_SEARCH_PATHS = (
					"$(inherited)",
					"@executable_path/Frameworks",
				);
				PRODUCT_BUNDLE_IDENTIFIER = com.dev.Recipe;
				PRODUCT_NAME = "$(TARGET_NAME)";
				SWIFT_VERSION = 5.0;
				TARGETED_DEVICE_FAMILY = "1,2";
			};
			name = Release;
		};
/* End XCBuildConfiguration section */

/* Begin XCConfigurationList section */
		91E9534F26EC83FB002E34DB /* Build configuration list for PBXProject "Recipe" */ = {
			isa = XCConfigurationList;
			buildConfigurations = (
				91E9536626EC83FC002E34DB /* Debug */,
				91E9536726EC83FC002E34DB /* Release */,
			);
			defaultConfigurationIsVisible = 0;
			defaultConfigurationName = Release;
		};
		91E9536826EC83FC002E34DB /* Build configuration list for PBXNativeTarget "Recipe" */ = {
			isa = XCConfigurationList;
			buildConfigurations = (
				91E9536926EC83FC002E34DB /* Debug */,
				91E9536A26EC83FC002E34DB /* Release */,
			);
			defaultConfigurationIsVisible = 0;
			defaultConfigurationName = Release;
		};
/* End XCConfigurationList section */
	};
	rootObject = 91E9534C26EC83FB002E34DB /* Project object */;
}
