// !$*UTF8*$!
{
	archiveVersion = 1;
	classes = {
	};
	objectVersion = 51;
	objects = {

/* Begin PBXBuildFile section */
		9184F48E26ECFC8A00F9A5FE /* WireframeInput.swift in Sources */ = {isa = PBXBuildFile; fileRef = 9184F48D26ECFC8A00F9A5FE /* WireframeInput.swift */; };
		9184F4B626ED025500F9A5FE /* Auth.swift in Sources */ = {isa = PBXBuildFile; fileRef = 9184F4B526ED025500F9A5FE /* Auth.swift */; };
		91C0AB5026EDB1A0000B0952 /* APIResponse.swift in Sources */ = {isa = PBXBuildFile; fileRef = 91C0AB4F26EDB1A0000B0952 /* APIResponse.swift */; };
		91C0AB5426EDB4CE000B0952 /* EndPoint.swift in Sources */ = {isa = PBXBuildFile; fileRef = 91C0AB5326EDB4CE000B0952 /* EndPoint.swift */; };
		91C0AB5726EDC521000B0952 /* ShopAPI.swift in Sources */ = {isa = PBXBuildFile; fileRef = 91C0AB5626EDC521000B0952 /* ShopAPI.swift */; };
		91C0AB5A26EDD1F9000B0952 /* RealmPersistenceType.swift in Sources */ = {isa = PBXBuildFile; fileRef = 91C0AB5926EDD1F9000B0952 /* RealmPersistenceType.swift */; };
		91C0AB7A26EDD934000B0952 /* ShopListModuleInterface.swift in Sources */ = {isa = PBXBuildFile; fileRef = 91C0AB6726EDD933000B0952 /* ShopListModuleInterface.swift */; };
		91C0AB7B26EDD934000B0952 /* ShopListServiceType.swift in Sources */ = {isa = PBXBuildFile; fileRef = 91C0AB6A26EDD933000B0952 /* ShopListServiceType.swift */; };
		91C0AB7C26EDD934000B0952 /* ShopListService.swift in Sources */ = {isa = PBXBuildFile; fileRef = 91C0AB6B26EDD933000B0952 /* ShopListService.swift */; };
		91C0AB7D26EDD934000B0952 /* ShopListInteractor.swift in Sources */ = {isa = PBXBuildFile; fileRef = 91C0AB6D26EDD934000B0952 /* ShopListInteractor.swift */; };
		91C0AB7E26EDD934000B0952 /* ShopListInteractorIO.swift in Sources */ = {isa = PBXBuildFile; fileRef = 91C0AB6E26EDD934000B0952 /* ShopListInteractorIO.swift */; };
		91C0AB7F26EDD934000B0952 /* ShopListPresenter.swift in Sources */ = {isa = PBXBuildFile; fileRef = 91C0AB7126EDD934000B0952 /* ShopListPresenter.swift */; };
		91C0AB8026EDD934000B0952 /* ShopListWireframe.swift in Sources */ = {isa = PBXBuildFile; fileRef = 91C0AB7326EDD934000B0952 /* ShopListWireframe.swift */; };
		91C0AB8126EDD934000B0952 /* ShopListWireframeInput.swift in Sources */ = {isa = PBXBuildFile; fileRef = 91C0AB7426EDD934000B0952 /* ShopListWireframeInput.swift */; };
		91C0AB8226EDD934000B0952 /* ShopListViewInterface.swift in Sources */ = {isa = PBXBuildFile; fileRef = 91C0AB7726EDD934000B0952 /* ShopListViewInterface.swift */; };
		91C0AB8326EDD934000B0952 /* ShopListViewController.swift in Sources */ = {isa = PBXBuildFile; fileRef = 91C0AB7826EDD934000B0952 /* ShopListViewController.swift */; };
		91C0AB8426EDD934000B0952 /* ShopList.storyboard in Resources */ = {isa = PBXBuildFile; fileRef = 91C0AB7926EDD934000B0952 /* ShopList.storyboard */; };
		91C0AB8A26EDDBC1000B0952 /* ShopListTableViewCell.swift in Sources */ = {isa = PBXBuildFile; fileRef = 91C0AB8926EDDBC1000B0952 /* ShopListTableViewCell.swift */; };
		91C0AB9026EDDFE5000B0952 /* UITableView+Extension.swift in Sources */ = {isa = PBXBuildFile; fileRef = 91C0AB8F26EDDFE5000B0952 /* UITableView+Extension.swift */; };
		91C0AB9426EDE31D000B0952 /* Array+Extension.swift in Sources */ = {isa = PBXBuildFile; fileRef = 91C0AB9326EDE31C000B0952 /* Array+Extension.swift */; };
		91C0ABA226EE1DCE000B0952 /* Shop.swift in Sources */ = {isa = PBXBuildFile; fileRef = 91C0ABA126EE1DCE000B0952 /* Shop.swift */; };
		91C0ABA626EE1E16000B0952 /* ShopListStructure.swift in Sources */ = {isa = PBXBuildFile; fileRef = 91C0ABA526EE1E16000B0952 /* ShopListStructure.swift */; };
		91C0ABAA26EE1E26000B0952 /* ShopListViewModel.swift in Sources */ = {isa = PBXBuildFile; fileRef = 91C0ABA926EE1E26000B0952 /* ShopListViewModel.swift */; };
		91C0ABAD26EE1EE3000B0952 /* UIImageView+Extension.swift in Sources */ = {isa = PBXBuildFile; fileRef = 91C0ABAC26EE1EE3000B0952 /* UIImageView+Extension.swift */; };
		91E9535826EC83FB002E34DB /* AppDelegate.swift in Sources */ = {isa = PBXBuildFile; fileRef = 91E9535726EC83FB002E34DB /* AppDelegate.swift */; };
		91E9536126EC83FC002E34DB /* Assets.xcassets in Resources */ = {isa = PBXBuildFile; fileRef = 91E9536026EC83FC002E34DB /* Assets.xcassets */; };
		91E9536426EC83FC002E34DB /* LaunchScreen.storyboard in Resources */ = {isa = PBXBuildFile; fileRef = 91E9536226EC83FC002E34DB /* LaunchScreen.storyboard */; };
		CFB950E29CA213273AA098DB /* Pods_Recipe.framework in Frameworks */ = {isa = PBXBuildFile; fileRef = 66830E90043E7CE6BB853C57 /* Pods_Recipe.framework */; };
/* End PBXBuildFile section */

/* Begin PBXFileReference section */
		66830E90043E7CE6BB853C57 /* Pods_Recipe.framework */ = {isa = PBXFileReference; explicitFileType = wrapper.framework; includeInIndex = 0; path = Pods_Recipe.framework; sourceTree = BUILT_PRODUCTS_DIR; };
		9184F48D26ECFC8A00F9A5FE /* WireframeInput.swift */ = {isa = PBXFileReference; lastKnownFileType = sourcecode.swift; path = WireframeInput.swift; sourceTree = "<group>"; };
		9184F4B526ED025500F9A5FE /* Auth.swift */ = {isa = PBXFileReference; lastKnownFileType = sourcecode.swift; path = Auth.swift; sourceTree = "<group>"; };
		91C0AB4F26EDB1A0000B0952 /* APIResponse.swift */ = {isa = PBXFileReference; lastKnownFileType = sourcecode.swift; path = APIResponse.swift; sourceTree = "<group>"; };
		91C0AB5326EDB4CE000B0952 /* EndPoint.swift */ = {isa = PBXFileReference; lastKnownFileType = sourcecode.swift; path = EndPoint.swift; sourceTree = "<group>"; };
		91C0AB5626EDC521000B0952 /* ShopAPI.swift */ = {isa = PBXFileReference; lastKnownFileType = sourcecode.swift; path = ShopAPI.swift; sourceTree = "<group>"; };
		91C0AB5926EDD1F9000B0952 /* RealmPersistenceType.swift */ = {isa = PBXFileReference; lastKnownFileType = sourcecode.swift; path = RealmPersistenceType.swift; sourceTree = "<group>"; };
		91C0AB6726EDD933000B0952 /* ShopListModuleInterface.swift */ = {isa = PBXFileReference; fileEncoding = 4; lastKnownFileType = sourcecode.swift; path = ShopListModuleInterface.swift; sourceTree = "<group>"; };
		91C0AB6A26EDD933000B0952 /* ShopListServiceType.swift */ = {isa = PBXFileReference; fileEncoding = 4; lastKnownFileType = sourcecode.swift; path = ShopListServiceType.swift; sourceTree = "<group>"; };
		91C0AB6B26EDD933000B0952 /* ShopListService.swift */ = {isa = PBXFileReference; fileEncoding = 4; lastKnownFileType = sourcecode.swift; path = ShopListService.swift; sourceTree = "<group>"; };
		91C0AB6D26EDD934000B0952 /* ShopListInteractor.swift */ = {isa = PBXFileReference; fileEncoding = 4; lastKnownFileType = sourcecode.swift; path = ShopListInteractor.swift; sourceTree = "<group>"; };
		91C0AB6E26EDD934000B0952 /* ShopListInteractorIO.swift */ = {isa = PBXFileReference; fileEncoding = 4; lastKnownFileType = sourcecode.swift; path = ShopListInteractorIO.swift; sourceTree = "<group>"; };
		91C0AB7126EDD934000B0952 /* ShopListPresenter.swift */ = {isa = PBXFileReference; fileEncoding = 4; lastKnownFileType = sourcecode.swift; path = ShopListPresenter.swift; sourceTree = "<group>"; };
		91C0AB7326EDD934000B0952 /* ShopListWireframe.swift */ = {isa = PBXFileReference; fileEncoding = 4; lastKnownFileType = sourcecode.swift; path = ShopListWireframe.swift; sourceTree = "<group>"; };
		91C0AB7426EDD934000B0952 /* ShopListWireframeInput.swift */ = {isa = PBXFileReference; fileEncoding = 4; lastKnownFileType = sourcecode.swift; path = ShopListWireframeInput.swift; sourceTree = "<group>"; };
		91C0AB7726EDD934000B0952 /* ShopListViewInterface.swift */ = {isa = PBXFileReference; fileEncoding = 4; lastKnownFileType = sourcecode.swift; path = ShopListViewInterface.swift; sourceTree = "<group>"; };
		91C0AB7826EDD934000B0952 /* ShopListViewController.swift */ = {isa = PBXFileReference; fileEncoding = 4; lastKnownFileType = sourcecode.swift; path = ShopListViewController.swift; sourceTree = "<group>"; };
		91C0AB7926EDD934000B0952 /* ShopList.storyboard */ = {isa = PBXFileReference; fileEncoding = 4; lastKnownFileType = file.storyboard; path = ShopList.storyboard; sourceTree = "<group>"; };
		91C0AB8926EDDBC1000B0952 /* ShopListTableViewCell.swift */ = {isa = PBXFileReference; lastKnownFileType = sourcecode.swift; path = ShopListTableViewCell.swift; sourceTree = "<group>"; };
		91C0AB8F26EDDFE5000B0952 /* UITableView+Extension.swift */ = {isa = PBXFileReference; lastKnownFileType = sourcecode.swift; path = "UITableView+Extension.swift"; sourceTree = "<group>"; };
		91C0AB9326EDE31C000B0952 /* Array+Extension.swift */ = {isa = PBXFileReference; lastKnownFileType = sourcecode.swift; path = "Array+Extension.swift"; sourceTree = "<group>"; };
		91C0ABA126EE1DCE000B0952 /* Shop.swift */ = {isa = PBXFileReference; lastKnownFileType = sourcecode.swift; path = Shop.swift; sourceTree = "<group>"; };
		91C0ABA526EE1E16000B0952 /* ShopListStructure.swift */ = {isa = PBXFileReference; lastKnownFileType = sourcecode.swift; path = ShopListStructure.swift; sourceTree = "<group>"; };
		91C0ABA926EE1E26000B0952 /* ShopListViewModel.swift */ = {isa = PBXFileReference; lastKnownFileType = sourcecode.swift; path = ShopListViewModel.swift; sourceTree = "<group>"; };
		91C0ABAC26EE1EE3000B0952 /* UIImageView+Extension.swift */ = {isa = PBXFileReference; lastKnownFileType = sourcecode.swift; path = "UIImageView+Extension.swift"; sourceTree = "<group>"; };
		91E9535426EC83FB002E34DB /* Recipe.app */ = {isa = PBXFileReference; explicitFileType = wrapper.application; includeInIndex = 0; path = Recipe.app; sourceTree = BUILT_PRODUCTS_DIR; };
		91E9535726EC83FB002E34DB /* AppDelegate.swift */ = {isa = PBXFileReference; lastKnownFileType = sourcecode.swift; path = AppDelegate.swift; sourceTree = "<group>"; };
		91E9536026EC83FC002E34DB /* Assets.xcassets */ = {isa = PBXFileReference; lastKnownFileType = folder.assetcatalog; path = Assets.xcassets; sourceTree = "<group>"; };
		91E9536326EC83FC002E34DB /* Base */ = {isa = PBXFileReference; lastKnownFileType = file.storyboard; name = Base; path = Base.lproj/LaunchScreen.storyboard; sourceTree = "<group>"; };
		91E9536526EC83FC002E34DB /* Info.plist */ = {isa = PBXFileReference; lastKnownFileType = text.plist.xml; path = Info.plist; sourceTree = "<group>"; };
		AD80E81D89D0581455786DAA /* Pods-Recipe.debug.xcconfig */ = {isa = PBXFileReference; includeInIndex = 1; lastKnownFileType = text.xcconfig; name = "Pods-Recipe.debug.xcconfig"; path = "Target Support Files/Pods-Recipe/Pods-Recipe.debug.xcconfig"; sourceTree = "<group>"; };
		F61193C475634F1713CC58C7 /* Pods-Recipe.release.xcconfig */ = {isa = PBXFileReference; includeInIndex = 1; lastKnownFileType = text.xcconfig; name = "Pods-Recipe.release.xcconfig"; path = "Target Support Files/Pods-Recipe/Pods-Recipe.release.xcconfig"; sourceTree = "<group>"; };
/* End PBXFileReference section */

/* Begin PBXFrameworksBuildPhase section */
		91E9535126EC83FB002E34DB /* Frameworks */ = {
			isa = PBXFrameworksBuildPhase;
			buildActionMask = 2147483647;
			files = (
				CFB950E29CA213273AA098DB /* Pods_Recipe.framework in Frameworks */,
			);
			runOnlyForDeploymentPostprocessing = 0;
		};
/* End PBXFrameworksBuildPhase section */

/* Begin PBXGroup section */
		2B886C9BDD629AF22991D0A6 /* Frameworks */ = {
			isa = PBXGroup;
			children = (
				66830E90043E7CE6BB853C57 /* Pods_Recipe.framework */,
			);
			name = Frameworks;
			sourceTree = "<group>";
		};
		9184F46026ECFBF700F9A5FE /* Modules */ = {
			isa = PBXGroup;
			children = (
				91C0AB5C26EDD91B000B0952 /* Shop List */,
			);
			path = Modules;
			sourceTree = "<group>";
		};
		9184F48C26ECFC7800F9A5FE /* Resources */ = {
			isa = PBXGroup;
			children = (
				9184F48D26ECFC8A00F9A5FE /* WireframeInput.swift */,
			);
			path = Resources;
			sourceTree = "<group>";
		};
		9184F4B426ED023300F9A5FE /* APIs */ = {
			isa = PBXGroup;
			children = (
				9184F4B526ED025500F9A5FE /* Auth.swift */,
				91C0AB5326EDB4CE000B0952 /* EndPoint.swift */,
				91C0AB5626EDC521000B0952 /* ShopAPI.swift */,
			);
			path = APIs;
			sourceTree = "<group>";
		};
		91C0AB4E26EDB18A000B0952 /* Base */ = {
			isa = PBXGroup;
			children = (
				91C0AB4F26EDB1A0000B0952 /* APIResponse.swift */,
				91C0AB5926EDD1F9000B0952 /* RealmPersistenceType.swift */,
			);
			path = Base;
			sourceTree = "<group>";
		};
		91C0AB5C26EDD91B000B0952 /* Shop List */ = {
			isa = PBXGroup;
			children = (
				91C0AB6626EDD933000B0952 /* Module Interface */,
				91C0AB6826EDD933000B0952 /* Application Logic */,
				91C0AB6F26EDD934000B0952 /* User Interface */,
			);
			path = "Shop List";
			sourceTree = "<group>";
		};
		91C0AB6626EDD933000B0952 /* Module Interface */ = {
			isa = PBXGroup;
			children = (
				91C0AB6726EDD933000B0952 /* ShopListModuleInterface.swift */,
			);
			path = "Module Interface";
			sourceTree = "<group>";
		};
		91C0AB6826EDD933000B0952 /* Application Logic */ = {
			isa = PBXGroup;
			children = (
				91C0AB6926EDD933000B0952 /* Service */,
				91C0AB6C26EDD934000B0952 /* Interactor */,
			);
			path = "Application Logic";
			sourceTree = "<group>";
		};
		91C0AB6926EDD933000B0952 /* Service */ = {
			isa = PBXGroup;
			children = (
				91C0AB6A26EDD933000B0952 /* ShopListServiceType.swift */,
				91C0AB6B26EDD933000B0952 /* ShopListService.swift */,
			);
			path = Service;
			sourceTree = "<group>";
		};
		91C0AB6C26EDD934000B0952 /* Interactor */ = {
			isa = PBXGroup;
			children = (
				91C0AB6D26EDD934000B0952 /* ShopListInteractor.swift */,
				91C0AB6E26EDD934000B0952 /* ShopListInteractorIO.swift */,
			);
			path = Interactor;
			sourceTree = "<group>";
		};
		91C0AB6F26EDD934000B0952 /* User Interface */ = {
			isa = PBXGroup;
			children = (
				91C0AB7026EDD934000B0952 /* Presenter */,
				91C0AB7226EDD934000B0952 /* Wireframe */,
				91C0AB7526EDD934000B0952 /* View */,
			);
			path = "User Interface";
			sourceTree = "<group>";
		};
		91C0AB7026EDD934000B0952 /* Presenter */ = {
			isa = PBXGroup;
			children = (
				91C0ABA426EE1E0C000B0952 /* Structures */,
				91C0AB7126EDD934000B0952 /* ShopListPresenter.swift */,
			);
			path = Presenter;
			sourceTree = "<group>";
		};
		91C0AB7226EDD934000B0952 /* Wireframe */ = {
			isa = PBXGroup;
			children = (
				91C0AB7326EDD934000B0952 /* ShopListWireframe.swift */,
				91C0AB7426EDD934000B0952 /* ShopListWireframeInput.swift */,
			);
			path = Wireframe;
			sourceTree = "<group>";
		};
		91C0AB7526EDD934000B0952 /* View */ = {
			isa = PBXGroup;
			children = (
				91C0AB8826EDDBAF000B0952 /* TableViewCells */,
				91C0AB7626EDD934000B0952 /* ViewModels */,
				91C0AB7726EDD934000B0952 /* ShopListViewInterface.swift */,
				91C0AB7826EDD934000B0952 /* ShopListViewController.swift */,
				91C0AB7926EDD934000B0952 /* ShopList.storyboard */,
			);
			path = View;
			sourceTree = "<group>";
		};
		91C0AB7626EDD934000B0952 /* ViewModels */ = {
			isa = PBXGroup;
			children = (
				91C0ABA926EE1E26000B0952 /* ShopListViewModel.swift */,
			);
			path = ViewModels;
			sourceTree = "<group>";
		};
		91C0AB8826EDDBAF000B0952 /* TableViewCells */ = {
			isa = PBXGroup;
			children = (
				91C0AB8926EDDBC1000B0952 /* ShopListTableViewCell.swift */,
			);
			path = TableViewCells;
			sourceTree = "<group>";
		};
		91C0AB8E26EDDFDB000B0952 /* Extension */ = {
			isa = PBXGroup;
			children = (
				91C0AB8F26EDDFE5000B0952 /* UITableView+Extension.swift */,
				91C0AB9326EDE31C000B0952 /* Array+Extension.swift */,
				91C0ABAC26EE1EE3000B0952 /* UIImageView+Extension.swift */,
			);
			path = Extension;
			sourceTree = "<group>";
		};
		91C0AB9F26EE1D03000B0952 /* Models */ = {
			isa = PBXGroup;
			children = (
				91C0ABA126EE1DCE000B0952 /* Shop.swift */,
			);
			path = Models;
			sourceTree = "<group>";
		};
		91C0ABA426EE1E0C000B0952 /* Structures */ = {
			isa = PBXGroup;
			children = (
				91C0ABA526EE1E16000B0952 /* ShopListStructure.swift */,
			);
			path = Structures;
			sourceTree = "<group>";
		};
		91E9534B26EC83FB002E34DB = {
			isa = PBXGroup;
			children = (
				91E9535626EC83FB002E34DB /* Recipe */,
				91E9535526EC83FB002E34DB /* Products */,
				9E34DF45353C52E2EA1018AD /* Pods */,
				2B886C9BDD629AF22991D0A6 /* Frameworks */,
			);
			sourceTree = "<group>";
		};
		91E9535526EC83FB002E34DB /* Products */ = {
			isa = PBXGroup;
			children = (
				91E9535426EC83FB002E34DB /* Recipe.app */,
			);
			name = Products;
			sourceTree = "<group>";
		};
		91E9535626EC83FB002E34DB /* Recipe */ = {
			isa = PBXGroup;
			children = (
				91C0AB9F26EE1D03000B0952 /* Models */,
				91C0AB8E26EDDFDB000B0952 /* Extension */,
				91C0AB4E26EDB18A000B0952 /* Base */,
				9184F4B426ED023300F9A5FE /* APIs */,
				9184F48C26ECFC7800F9A5FE /* Resources */,
				9184F46026ECFBF700F9A5FE /* Modules */,
				91E9535726EC83FB002E34DB /* AppDelegate.swift */,
				91E9536026EC83FC002E34DB /* Assets.xcassets */,
				91E9536226EC83FC002E34DB /* LaunchScreen.storyboard */,
				91E9536526EC83FC002E34DB /* Info.plist */,
			);
			path = Recipe;
			sourceTree = "<group>";
		};
		9E34DF45353C52E2EA1018AD /* Pods */ = {
			isa = PBXGroup;
			children = (
				AD80E81D89D0581455786DAA /* Pods-Recipe.debug.xcconfig */,
				F61193C475634F1713CC58C7 /* Pods-Recipe.release.xcconfig */,
			);
			path = Pods;
			sourceTree = "<group>";
		};
/* End PBXGroup section */

/* Begin PBXNativeTarget section */
		91E9535326EC83FB002E34DB /* Recipe */ = {
			isa = PBXNativeTarget;
			buildConfigurationList = 91E9536826EC83FC002E34DB /* Build configuration list for PBXNativeTarget "Recipe" */;
			buildPhases = (
				5681E44638B18DB9D7E01D1A /* [CP] Check Pods Manifest.lock */,
				91E9535026EC83FB002E34DB /* Sources */,
				91E9535126EC83FB002E34DB /* Frameworks */,
				91E9535226EC83FB002E34DB /* Resources */,
				D322753D57AE83F9806F19DD /* [CP] Embed Pods Frameworks */,
			);
			buildRules = (
			);
			dependencies = (
			);
			name = Recipe;
			productName = Recipe;
			productReference = 91E9535426EC83FB002E34DB /* Recipe.app */;
			productType = "com.apple.product-type.application";
		};
/* End PBXNativeTarget section */

/* Begin PBXProject section */
		91E9534C26EC83FB002E34DB /* Project object */ = {
			isa = PBXProject;
			attributes = {
				LastSwiftUpdateCheck = 1200;
				LastUpgradeCheck = 1200;
				TargetAttributes = {
					91E9535326EC83FB002E34DB = {
						CreatedOnToolsVersion = 12.0.1;
					};
				};
			};
			buildConfigurationList = 91E9534F26EC83FB002E34DB /* Build configuration list for PBXProject "Recipe" */;
			compatibilityVersion = "Xcode 9.3";
			developmentRegion = en;
			hasScannedForEncodings = 0;
			knownRegions = (
				en,
				Base,
			);
			mainGroup = 91E9534B26EC83FB002E34DB;
			productRefGroup = 91E9535526EC83FB002E34DB /* Products */;
			projectDirPath = "";
			projectRoot = "";
			targets = (
				91E9535326EC83FB002E34DB /* Recipe */,
			);
		};
/* End PBXProject section */

/* Begin PBXResourcesBuildPhase section */
		91E9535226EC83FB002E34DB /* Resources */ = {
			isa = PBXResourcesBuildPhase;
			buildActionMask = 2147483647;
			files = (
				91C0AB8426EDD934000B0952 /* ShopList.storyboard in Resources */,
				91E9536426EC83FC002E34DB /* LaunchScreen.storyboard in Resources */,
				91E9536126EC83FC002E34DB /* Assets.xcassets in Resources */,
			);
			runOnlyForDeploymentPostprocessing = 0;
		};
/* End PBXResourcesBuildPhase section */

/* Begin PBXShellScriptBuildPhase section */
		5681E44638B18DB9D7E01D1A /* [CP] Check Pods Manifest.lock */ = {
			isa = PBXShellScriptBuildPhase;
			buildActionMask = 2147483647;
			files = (
			);
			inputFileListPaths = (
			);
			inputPaths = (
				"${PODS_PODFILE_DIR_PATH}/Podfile.lock",
				"${PODS_ROOT}/Manifest.lock",
			);
			name = "[CP] Check Pods Manifest.lock";
			outputFileListPaths = (
			);
			outputPaths = (
				"$(DERIVED_FILE_DIR)/Pods-Recipe-checkManifestLockResult.txt",
			);
			runOnlyForDeploymentPostprocessing = 0;
			shellPath = /bin/sh;
			shellScript = "diff \"${PODS_PODFILE_DIR_PATH}/Podfile.lock\" \"${PODS_ROOT}/Manifest.lock\" > /dev/null\nif [ $? != 0 ] ; then\n    # print error to STDERR\n    echo \"error: The sandbox is not in sync with the Podfile.lock. Run 'pod install' or update your CocoaPods installation.\" >&2\n    exit 1\nfi\n# This output is used by Xcode 'outputs' to avoid re-running this script phase.\necho \"SUCCESS\" > \"${SCRIPT_OUTPUT_FILE_0}\"\n";
			showEnvVarsInLog = 0;
		};
		D322753D57AE83F9806F19DD /* [CP] Embed Pods Frameworks */ = {
			isa = PBXShellScriptBuildPhase;
			buildActionMask = 2147483647;
			files = (
			);
			inputFileListPaths = (
				"${PODS_ROOT}/Target Support Files/Pods-Recipe/Pods-Recipe-frameworks-${CONFIGURATION}-input-files.xcfilelist",
			);
			name = "[CP] Embed Pods Frameworks";
			outputFileListPaths = (
				"${PODS_ROOT}/Target Support Files/Pods-Recipe/Pods-Recipe-frameworks-${CONFIGURATION}-output-files.xcfilelist",
			);
			runOnlyForDeploymentPostprocessing = 0;
			shellPath = /bin/sh;
			shellScript = "\"${PODS_ROOT}/Target Support Files/Pods-Recipe/Pods-Recipe-frameworks.sh\"\n";
			showEnvVarsInLog = 0;
		};
/* End PBXShellScriptBuildPhase section */

/* Begin PBXSourcesBuildPhase section */
		91E9535026EC83FB002E34DB /* Sources */ = {
			isa = PBXSourcesBuildPhase;
			buildActionMask = 2147483647;
			files = (
				9184F4B626ED025500F9A5FE /* Auth.swift in Sources */,
				91C0ABA626EE1E16000B0952 /* ShopListStructure.swift in Sources */,
				91C0AB8126EDD934000B0952 /* ShopListWireframeInput.swift in Sources */,
				91C0AB9026EDDFE5000B0952 /* UITableView+Extension.swift in Sources */,
				9184F48E26ECFC8A00F9A5FE /* WireframeInput.swift in Sources */,
				91C0AB5026EDB1A0000B0952 /* APIResponse.swift in Sources */,
				91C0AB7B26EDD934000B0952 /* ShopListServiceType.swift in Sources */,
				91C0AB8A26EDDBC1000B0952 /* ShopListTableViewCell.swift in Sources */,
				91C0AB5A26EDD1F9000B0952 /* RealmPersistenceType.swift in Sources */,
				91C0AB7D26EDD934000B0952 /* ShopListInteractor.swift in Sources */,
				91C0AB7C26EDD934000B0952 /* ShopListService.swift in Sources */,
				91C0AB5726EDC521000B0952 /* ShopAPI.swift in Sources */,
				91C0AB9426EDE31D000B0952 /* Array+Extension.swift in Sources */,
				91C0AB5426EDB4CE000B0952 /* EndPoint.swift in Sources */,
				91C0AB8326EDD934000B0952 /* ShopListViewController.swift in Sources */,
				91C0AB8026EDD934000B0952 /* ShopListWireframe.swift in Sources */,
				91C0AB7E26EDD934000B0952 /* ShopListInteractorIO.swift in Sources */,
				91E9535826EC83FB002E34DB /* AppDelegate.swift in Sources */,
				91C0ABAD26EE1EE3000B0952 /* UIImageView+Extension.swift in Sources */,
				91C0AB8226EDD934000B0952 /* ShopListViewInterface.swift in Sources */,
				91C0ABAA26EE1E26000B0952 /* ShopListViewModel.swift in Sources */,
				91C0ABA226EE1DCE000B0952 /* Shop.swift in Sources */,
				91C0AB7A26EDD934000B0952 /* ShopListModuleInterface.swift in Sources */,
				91C0AB7F26EDD934000B0952 /* ShopListPresenter.swift in Sources */,
			);
			runOnlyForDeploymentPostprocessing = 0;
		};
/* End PBXSourcesBuildPhase section */

/* Begin PBXVariantGroup section */
		91E9536226EC83FC002E34DB /* LaunchScreen.storyboard */ = {
			isa = PBXVariantGroup;
			children = (
				91E9536326EC83FC002E34DB /* Base */,
			);
			name = LaunchScreen.storyboard;
			sourceTree = "<group>";
		};
/* End PBXVariantGroup section */

/* Begin XCBuildConfiguration section */
		91E9536626EC83FC002E34DB /* Debug */ = {
			isa = XCBuildConfiguration;
			buildSettings = {
				ALWAYS_SEARCH_USER_PATHS = NO;
				CLANG_ANALYZER_NONNULL = YES;
				CLANG_ANALYZER_NUMBER_OBJECT_CONVERSION = YES_AGGRESSIVE;
				CLANG_CXX_LANGUAGE_STANDARD = "gnu++14";
				CLANG_CXX_LIBRARY = "libc++";
				CLANG_ENABLE_MODULES = YES;
				CLANG_ENABLE_OBJC_ARC = YES;
				CLANG_ENABLE_OBJC_WEAK = YES;
				CLANG_WARN_BLOCK_CAPTURE_AUTORELEASING = YES;
				CLANG_WARN_BOOL_CONVERSION = YES;
				CLANG_WARN_COMMA = YES;
				CLANG_WARN_CONSTANT_CONVERSION = YES;
				CLANG_WARN_DEPRECATED_OBJC_IMPLEMENTATIONS = YES;
				CLANG_WARN_DIRECT_OBJC_ISA_USAGE = YES_ERROR;
				CLANG_WARN_DOCUMENTATION_COMMENTS = YES;
				CLANG_WARN_EMPTY_BODY = YES;
				CLANG_WARN_ENUM_CONVERSION = YES;
				CLANG_WARN_INFINITE_RECURSION = YES;
				CLANG_WARN_INT_CONVERSION = YES;
				CLANG_WARN_NON_LITERAL_NULL_CONVERSION = YES;
				CLANG_WARN_OBJC_IMPLICIT_RETAIN_SELF = YES;
				CLANG_WARN_OBJC_LITERAL_CONVERSION = YES;
				CLANG_WARN_OBJC_ROOT_CLASS = YES_ERROR;
				CLANG_WARN_QUOTED_INCLUDE_IN_FRAMEWORK_HEADER = YES;
				CLANG_WARN_RANGE_LOOP_ANALYSIS = YES;
				CLANG_WARN_STRICT_PROTOTYPES = YES;
				CLANG_WARN_SUSPICIOUS_MOVE = YES;
				CLANG_WARN_UNGUARDED_AVAILABILITY = YES_AGGRESSIVE;
				CLANG_WARN_UNREACHABLE_CODE = YES;
				CLANG_WARN__DUPLICATE_METHOD_MATCH = YES;
				COPY_PHASE_STRIP = NO;
				DEBUG_INFORMATION_FORMAT = dwarf;
				ENABLE_STRICT_OBJC_MSGSEND = YES;
				ENABLE_TESTABILITY = YES;
				GCC_C_LANGUAGE_STANDARD = gnu11;
				GCC_DYNAMIC_NO_PIC = NO;
				GCC_NO_COMMON_BLOCKS = YES;
				GCC_OPTIMIZATION_LEVEL = 0;
				GCC_PREPROCESSOR_DEFINITIONS = (
					"DEBUG=1",
					"$(inherited)",
				);
				GCC_WARN_64_TO_32_BIT_CONVERSION = YES;
				GCC_WARN_ABOUT_RETURN_TYPE = YES_ERROR;
				GCC_WARN_UNDECLARED_SELECTOR = YES;
				GCC_WARN_UNINITIALIZED_AUTOS = YES_AGGRESSIVE;
				GCC_WARN_UNUSED_FUNCTION = YES;
				GCC_WARN_UNUSED_VARIABLE = YES;
				IPHONEOS_DEPLOYMENT_TARGET = 14.0;
				MTL_ENABLE_DEBUG_INFO = INCLUDE_SOURCE;
				MTL_FAST_MATH = YES;
				ONLY_ACTIVE_ARCH = YES;
				SDKROOT = iphoneos;
				SWIFT_ACTIVE_COMPILATION_CONDITIONS = DEBUG;
				SWIFT_OPTIMIZATION_LEVEL = "-Onone";
			};
			name = Debug;
		};
		91E9536726EC83FC002E34DB /* Release */ = {
			isa = XCBuildConfiguration;
			buildSettings = {
				ALWAYS_SEARCH_USER_PATHS = NO;
				CLANG_ANALYZER_NONNULL = YES;
				CLANG_ANALYZER_NUMBER_OBJECT_CONVERSION = YES_AGGRESSIVE;
				CLANG_CXX_LANGUAGE_STANDARD = "gnu++14";
				CLANG_CXX_LIBRARY = "libc++";
				CLANG_ENABLE_MODULES = YES;
				CLANG_ENABLE_OBJC_ARC = YES;
				CLANG_ENABLE_OBJC_WEAK = YES;
				CLANG_WARN_BLOCK_CAPTURE_AUTORELEASING = YES;
				CLANG_WARN_BOOL_CONVERSION = YES;
				CLANG_WARN_COMMA = YES;
				CLANG_WARN_CONSTANT_CONVERSION = YES;
				CLANG_WARN_DEPRECATED_OBJC_IMPLEMENTATIONS = YES;
				CLANG_WARN_DIRECT_OBJC_ISA_USAGE = YES_ERROR;
				CLANG_WARN_DOCUMENTATION_COMMENTS = YES;
				CLANG_WARN_EMPTY_BODY = YES;
				CLANG_WARN_ENUM_CONVERSION = YES;
				CLANG_WARN_INFINITE_RECURSION = YES;
				CLANG_WARN_INT_CONVERSION = YES;
				CLANG_WARN_NON_LITERAL_NULL_CONVERSION = YES;
				CLANG_WARN_OBJC_IMPLICIT_RETAIN_SELF = YES;
				CLANG_WARN_OBJC_LITERAL_CONVERSION = YES;
				CLANG_WARN_OBJC_ROOT_CLASS = YES_ERROR;
				CLANG_WARN_QUOTED_INCLUDE_IN_FRAMEWORK_HEADER = YES;
				CLANG_WARN_RANGE_LOOP_ANALYSIS = YES;
				CLANG_WARN_STRICT_PROTOTYPES = YES;
				CLANG_WARN_SUSPICIOUS_MOVE = YES;
				CLANG_WARN_UNGUARDED_AVAILABILITY = YES_AGGRESSIVE;
				CLANG_WARN_UNREACHABLE_CODE = YES;
				CLANG_WARN__DUPLICATE_METHOD_MATCH = YES;
				COPY_PHASE_STRIP = NO;
				DEBUG_INFORMATION_FORMAT = "dwarf-with-dsym";
				ENABLE_NS_ASSERTIONS = NO;
				ENABLE_STRICT_OBJC_MSGSEND = YES;
				GCC_C_LANGUAGE_STANDARD = gnu11;
				GCC_NO_COMMON_BLOCKS = YES;
				GCC_WARN_64_TO_32_BIT_CONVERSION = YES;
				GCC_WARN_ABOUT_RETURN_TYPE = YES_ERROR;
				GCC_WARN_UNDECLARED_SELECTOR = YES;
				GCC_WARN_UNINITIALIZED_AUTOS = YES_AGGRESSIVE;
				GCC_WARN_UNUSED_FUNCTION = YES;
				GCC_WARN_UNUSED_VARIABLE = YES;
				IPHONEOS_DEPLOYMENT_TARGET = 14.0;
				MTL_ENABLE_DEBUG_INFO = NO;
				MTL_FAST_MATH = YES;
				SDKROOT = iphoneos;
				SWIFT_COMPILATION_MODE = wholemodule;
				SWIFT_OPTIMIZATION_LEVEL = "-O";
				VALIDATE_PRODUCT = YES;
			};
			name = Release;
		};
		91E9536926EC83FC002E34DB /* Debug */ = {
			isa = XCBuildConfiguration;
			baseConfigurationReference = AD80E81D89D0581455786DAA /* Pods-Recipe.debug.xcconfig */;
			buildSettings = {
				ASSETCATALOG_COMPILER_APPICON_NAME = AppIcon;
				ASSETCATALOG_COMPILER_GLOBAL_ACCENT_COLOR_NAME = AccentColor;
				CODE_SIGN_STYLE = Automatic;
				DEVELOPMENT_TEAM = T86ZM663US;
				INFOPLIST_FILE = Recipe/Info.plist;
				LD_RUNPATH_SEARCH_PATHS = (
					"$(inherited)",
					"@executable_path/Frameworks",
				);
				PRODUCT_BUNDLE_IDENTIFIER = com.dev.Recipe;
				PRODUCT_NAME = "$(TARGET_NAME)";
				SWIFT_VERSION = 5.0;
				TARGETED_DEVICE_FAMILY = "1,2";
			};
			name = Debug;
		};
		91E9536A26EC83FC002E34DB /* Release */ = {
			isa = XCBuildConfiguration;
			baseConfigurationReference = F61193C475634F1713CC58C7 /* Pods-Recipe.release.xcconfig */;
			buildSettings = {
				ASSETCATALOG_COMPILER_APPICON_NAME = AppIcon;
				ASSETCATALOG_COMPILER_GLOBAL_ACCENT_COLOR_NAME = AccentColor;
				CODE_SIGN_STYLE = Automatic;
				DEVELOPMENT_TEAM = T86ZM663US;
				INFOPLIST_FILE = Recipe/Info.plist;
				LD_RUNPATH_SEARCH_PATHS = (
					"$(inherited)",
					"@executable_path/Frameworks",
				);
				PRODUCT_BUNDLE_IDENTIFIER = com.dev.Recipe;
				PRODUCT_NAME = "$(TARGET_NAME)";
				SWIFT_VERSION = 5.0;
				TARGETED_DEVICE_FAMILY = "1,2";
			};
			name = Release;
		};
/* End XCBuildConfiguration section */

/* Begin XCConfigurationList section */
		91E9534F26EC83FB002E34DB /* Build configuration list for PBXProject "Recipe" */ = {
			isa = XCConfigurationList;
			buildConfigurations = (
				91E9536626EC83FC002E34DB /* Debug */,
				91E9536726EC83FC002E34DB /* Release */,
			);
			defaultConfigurationIsVisible = 0;
			defaultConfigurationName = Release;
		};
		91E9536826EC83FC002E34DB /* Build configuration list for PBXNativeTarget "Recipe" */ = {
			isa = XCConfigurationList;
			buildConfigurations = (
				91E9536926EC83FC002E34DB /* Debug */,
				91E9536A26EC83FC002E34DB /* Release */,
			);
			defaultConfigurationIsVisible = 0;
			defaultConfigurationName = Release;
		};
/* End XCConfigurationList section */
	};
	rootObject = 91E9534C26EC83FB002E34DB /* Project object */;
}
